
Microsoft Visual Studio Solution File, Format Version 12.00
# Visual Studio 2012
Project("{159641D6-6404-4A2A-AE62-294DE0FE8301}") = "ETL LNB", "ETL LNB\ETL LNB.dtproj", "{D3105C48-4254-420F-8785-B33E3DAE220B}"
EndProject
Global
	GlobalSection(SolutionConfigurationPlatforms) = preSolution
		Development|Default = Development|Default
	EndGlobalSection
	GlobalSection(ProjectConfigurationPlatforms) = postSolution
		{D3105C48-4254-420F-8785-B33E3DAE220B}.Development|Default.ActiveCfg = Development
		{D3105C48-4254-420F-8785-B33E3DAE220B}.Development|Default.Build.0 = Development
	EndGlobalSection
	GlobalSection(SolutionProperties) = preSolution
		HideSolutionNode = FALSE
	EndGlobalSection
EndGlobal
